
Microsoft Visual Studio Solution File, Format Version 12.00
Project("{FAE04EC0-301F-11D3-BF4B-00C04F79EFBC}") = "apbd_05.Web", "src\apbd_05.Web\Web.csproj", "{461373FE-1BD9-482A-8538-5F5F7C7D3371}"
EndProject
Project("{FAE04EC0-301F-11D3-BF4B-00C04F79EFBC}") = "apbd_05.Models", "src\apbd_05.Models\Models.csproj", "{FDAA6BA4-AAB3-4FAF-B06E-1AA4042310F7}"
EndProject
Project("{FAE04EC0-301F-11D3-BF4B-00C04F79EFBC}") = "apbd_05.Logic", "src\apbd_05.Logic\Logic.csproj", "{5252D7EF-185C-4868-9E86-F9193C19BE2D}"
EndProject
Global
	GlobalSection(SolutionConfigurationPlatforms) = preSolution
		Debug|Any CPU = Debug|Any CPU
		Release|Any CPU = Release|Any CPU
	EndGlobalSection
	GlobalSection(ProjectConfigurationPlatforms) = postSolution
		{461373FE-1BD9-482A-8538-5F5F7C7D3371}.Debug|Any CPU.ActiveCfg = Debug|Any CPU
		{461373FE-1BD9-482A-8538-5F5F7C7D3371}.Debug|Any CPU.Build.0 = Debug|Any CPU
		{461373FE-1BD9-482A-8538-5F5F7C7D3371}.Release|Any CPU.ActiveCfg = Release|Any CPU
		{461373FE-1BD9-482A-8538-5F5F7C7D3371}.Release|Any CPU.Build.0 = Release|Any CPU
		{FDAA6BA4-AAB3-4FAF-B06E-1AA4042310F7}.Debug|Any CPU.ActiveCfg = Debug|Any CPU
		{FDAA6BA4-AAB3-4FAF-B06E-1AA4042310F7}.Debug|Any CPU.Build.0 = Debug|Any CPU
		{FDAA6BA4-AAB3-4FAF-B06E-1AA4042310F7}.Release|Any CPU.ActiveCfg = Release|Any CPU
		{FDAA6BA4-AAB3-4FAF-B06E-1AA4042310F7}.Release|Any CPU.Build.0 = Release|Any CPU
		{5252D7EF-185C-4868-9E86-F9193C19BE2D}.Debug|Any CPU.ActiveCfg = Debug|Any CPU
		{5252D7EF-185C-4868-9E86-F9193C19BE2D}.Debug|Any CPU.Build.0 = Debug|Any CPU
		{5252D7EF-185C-4868-9E86-F9193C19BE2D}.Release|Any CPU.ActiveCfg = Release|Any CPU
		{5252D7EF-185C-4868-9E86-F9193C19BE2D}.Release|Any CPU.Build.0 = Release|Any CPU
	EndGlobalSection
	GlobalSection(NestedProjects) = preSolution
	EndGlobalSection
EndGlobal
